// !$*UTF8*$!
{
	archiveVersion = 1;
	classes = {
	};
	objectVersion = 56;
	objects = {

/* Begin PBXBuildFile section */
		A020FBAC2B5555DD006DFBA8 /* AppDelegate.swift in Sources */ = {isa = PBXBuildFile; fileRef = A020FBAB2B5555DD006DFBA8 /* AppDelegate.swift */; };
		A020FBAE2B5555DD006DFBA8 /* SceneDelegate.swift in Sources */ = {isa = PBXBuildFile; fileRef = A020FBAD2B5555DD006DFBA8 /* SceneDelegate.swift */; };
		A020FBB02B5555DD006DFBA8 /* ViewController.swift in Sources */ = {isa = PBXBuildFile; fileRef = A020FBAF2B5555DD006DFBA8 /* ViewController.swift */; };
		A020FBB32B5555DD006DFBA8 /* Main.storyboard in Resources */ = {isa = PBXBuildFile; fileRef = A020FBB12B5555DD006DFBA8 /* Main.storyboard */; };
		A020FBB52B5555DE006DFBA8 /* Assets.xcassets in Resources */ = {isa = PBXBuildFile; fileRef = A020FBB42B5555DE006DFBA8 /* Assets.xcassets */; };
		A020FBB82B5555DE006DFBA8 /* LaunchScreen.storyboard in Resources */ = {isa = PBXBuildFile; fileRef = A020FBB62B5555DE006DFBA8 /* LaunchScreen.storyboard */; };
		A020FBC32B5555DE006DFBA8 /* ChatWithGPTTests.swift in Sources */ = {isa = PBXBuildFile; fileRef = A020FBC22B5555DE006DFBA8 /* ChatWithGPTTests.swift */; };
		A020FBCD2B5555DE006DFBA8 /* ChatWithGPTUITests.swift in Sources */ = {isa = PBXBuildFile; fileRef = A020FBCC2B5555DE006DFBA8 /* ChatWithGPTUITests.swift */; };
		A020FBCF2B5555DE006DFBA8 /* ChatWithGPTUITestsLaunchTests.swift in Sources */ = {isa = PBXBuildFile; fileRef = A020FBCE2B5555DE006DFBA8 /* ChatWithGPTUITestsLaunchTests.swift */; };
/* End PBXBuildFile section */

/* Begin PBXContainerItemProxy section */
		A020FBBF2B5555DE006DFBA8 /* PBXContainerItemProxy */ = {
			isa = PBXContainerItemProxy;
			containerPortal = A020FBA02B5555DD006DFBA8 /* Project object */;
			proxyType = 1;
			remoteGlobalIDString = A020FBA72B5555DD006DFBA8;
			remoteInfo = ChatWithGPT;
		};
		A020FBC92B5555DE006DFBA8 /* PBXContainerItemProxy */ = {
			isa = PBXContainerItemProxy;
			containerPortal = A020FBA02B5555DD006DFBA8 /* Project object */;
			proxyType = 1;
			remoteGlobalIDString = A020FBA72B5555DD006DFBA8;
			remoteInfo = ChatWithGPT;
		};
/* End PBXContainerItemProxy section */

/* Begin PBXFileReference section */
		A020FBA82B5555DD006DFBA8 /* ChatWithGPT.app */ = {isa = PBXFileReference; explicitFileType = wrapper.application; includeInIndex = 0; path = ChatWithGPT.app; sourceTree = BUILT_PRODUCTS_DIR; };
		A020FBAB2B5555DD006DFBA8 /* AppDelegate.swift */ = {isa = PBXFileReference; lastKnownFileType = sourcecode.swift; path = AppDelegate.swift; sourceTree = "<group>"; };
		A020FBAD2B5555DD006DFBA8 /* SceneDelegate.swift */ = {isa = PBXFileReference; lastKnownFileType = sourcecode.swift; path = SceneDelegate.swift; sourceTree = "<group>"; };
		A020FBAF2B5555DD006DFBA8 /* ViewController.swift */ = {isa = PBXFileReference; lastKnownFileType = sourcecode.swift; path = ViewController.swift; sourceTree = "<group>"; };
		A020FBB22B5555DD006DFBA8 /* Base */ = {isa = PBXFileReference; lastKnownFileType = file.storyboard; name = Base; path = Base.lproj/Main.storyboard; sourceTree = "<group>"; };
		A020FBB42B5555DE006DFBA8 /* Assets.xcassets */ = {isa = PBXFileReference; lastKnownFileType = folder.assetcatalog; path = Assets.xcassets; sourceTree = "<group>"; };
		A020FBB72B5555DE006DFBA8 /* Base */ = {isa = PBXFileReference; lastKnownFileType = file.storyboard; name = Base; path = Base.lproj/LaunchScreen.storyboard; sourceTree = "<group>"; };
		A020FBB92B5555DE006DFBA8 /* Info.plist */ = {isa = PBXFileReference; lastKnownFileType = text.plist.xml; path = Info.plist; sourceTree = "<group>"; };
		A020FBBE2B5555DE006DFBA8 /* ChatWithGPTTests.xctest */ = {isa = PBXFileReference; explicitFileType = wrapper.cfbundle; includeInIndex = 0; path = ChatWithGPTTests.xctest; sourceTree = BUILT_PRODUCTS_DIR; };
		A020FBC22B5555DE006DFBA8 /* ChatWithGPTTests.swift */ = {isa = PBXFileReference; lastKnownFileType = sourcecode.swift; path = ChatWithGPTTests.swift; sourceTree = "<group>"; };
		A020FBC82B5555DE006DFBA8 /* ChatWithGPTUITests.xctest */ = {isa = PBXFileReference; explicitFileType = wrapper.cfbundle; includeInIndex = 0; path = ChatWithGPTUITests.xctest; sourceTree = BUILT_PRODUCTS_DIR; };
		A020FBCC2B5555DE006DFBA8 /* ChatWithGPTUITests.swift */ = {isa = PBXFileReference; lastKnownFileType = sourcecode.swift; path = ChatWithGPTUITests.swift; sourceTree = "<group>"; };
		A020FBCE2B5555DE006DFBA8 /* ChatWithGPTUITestsLaunchTests.swift */ = {isa = PBXFileReference; lastKnownFileType = sourcecode.swift; path = ChatWithGPTUITestsLaunchTests.swift; sourceTree = "<group>"; };
/* End PBXFileReference section */

/* Begin PBXFrameworksBuildPhase section */
		A020FBA52B5555DD006DFBA8 /* Frameworks */ = {
			isa = PBXFrameworksBuildPhase;
			buildActionMask = 2147483647;
			files = (
			);
			runOnlyForDeploymentPostprocessing = 0;
		};
		A020FBBB2B5555DE006DFBA8 /* Frameworks */ = {
			isa = PBXFrameworksBuildPhase;
			buildActionMask = 2147483647;
			files = (
			);
			runOnlyForDeploymentPostprocessing = 0;
		};
		A020FBC52B5555DE006DFBA8 /* Frameworks */ = {
			isa = PBXFrameworksBuildPhase;
			buildActionMask = 2147483647;
			files = (
			);
			runOnlyForDeploymentPostprocessing = 0;
		};
/* End PBXFrameworksBuildPhase section */

/* Begin PBXGroup section */
		A020FB9F2B5555DD006DFBA8 = {
			isa = PBXGroup;
			children = (
				A020FBAA2B5555DD006DFBA8 /* ChatWithGPT */,
				A020FBC12B5555DE006DFBA8 /* ChatWithGPTTests */,
				A020FBCB2B5555DE006DFBA8 /* ChatWithGPTUITests */,
				A020FBA92B5555DD006DFBA8 /* Products */,
			);
			sourceTree = "<group>";
		};
		A020FBA92B5555DD006DFBA8 /* Products */ = {
			isa = PBXGroup;
			children = (
				A020FBA82B5555DD006DFBA8 /* ChatWithGPT.app */,
				A020FBBE2B5555DE006DFBA8 /* ChatWithGPTTests.xctest */,
				A020FBC82B5555DE006DFBA8 /* ChatWithGPTUITests.xctest */,
			);
			name = Products;
			sourceTree = "<group>";
		};
		A020FBAA2B5555DD006DFBA8 /* ChatWithGPT */ = {
			isa = PBXGroup;
			children = (
				A020FBAB2B5555DD006DFBA8 /* AppDelegate.swift */,
				A020FBAD2B5555DD006DFBA8 /* SceneDelegate.swift */,
				A020FBAF2B5555DD006DFBA8 /* ViewController.swift */,
				A020FBB12B5555DD006DFBA8 /* Main.storyboard */,
				A020FBB42B5555DE006DFBA8 /* Assets.xcassets */,
				A020FBB62B5555DE006DFBA8 /* LaunchScreen.storyboard */,
				A020FBB92B5555DE006DFBA8 /* Info.plist */,
			);
			path = ChatWithGPT;
			sourceTree = "<group>";
		};
		A020FBC12B5555DE006DFBA8 /* ChatWithGPTTests */ = {
			isa = PBXGroup;
			children = (
				A020FBC22B5555DE006DFBA8 /* ChatWithGPTTests.swift */,
			);
			path = ChatWithGPTTests;
			sourceTree = "<group>";
		};
		A020FBCB2B5555DE006DFBA8 /* ChatWithGPTUITests */ = {
			isa = PBXGroup;
			children = (
				A020FBCC2B5555DE006DFBA8 /* ChatWithGPTUITests.swift */,
				A020FBCE2B5555DE006DFBA8 /* ChatWithGPTUITestsLaunchTests.swift */,
			);
			path = ChatWithGPTUITests;
			sourceTree = "<group>";
		};
/* End PBXGroup section */

/* Begin PBXNativeTarget section */
		A020FBA72B5555DD006DFBA8 /* ChatWithGPT */ = {
			isa = PBXNativeTarget;
			buildConfigurationList = A020FBD22B5555DE006DFBA8 /* Build configuration list for PBXNativeTarget "ChatWithGPT" */;
			buildPhases = (
				A020FBA42B5555DD006DFBA8 /* Sources */,
				A020FBA52B5555DD006DFBA8 /* Frameworks */,
				A020FBA62B5555DD006DFBA8 /* Resources */,
			);
			buildRules = (
			);
			dependencies = (
			);
			name = ChatWithGPT;
			productName = ChatWithGPT;
			productReference = A020FBA82B5555DD006DFBA8 /* ChatWithGPT.app */;
			productType = "com.apple.product-type.application";
		};
		A020FBBD2B5555DE006DFBA8 /* ChatWithGPTTests */ = {
			isa = PBXNativeTarget;
			buildConfigurationList = A020FBD52B5555DE006DFBA8 /* Build configuration list for PBXNativeTarget "ChatWithGPTTests" */;
			buildPhases = (
				A020FBBA2B5555DE006DFBA8 /* Sources */,
				A020FBBB2B5555DE006DFBA8 /* Frameworks */,
				A020FBBC2B5555DE006DFBA8 /* Resources */,
			);
			buildRules = (
			);
			dependencies = (
				A020FBC02B5555DE006DFBA8 /* PBXTargetDependency */,
			);
			name = ChatWithGPTTests;
			productName = ChatWithGPTTests;
			productReference = A020FBBE2B5555DE006DFBA8 /* ChatWithGPTTests.xctest */;
			productType = "com.apple.product-type.bundle.unit-test";
		};
		A020FBC72B5555DE006DFBA8 /* ChatWithGPTUITests */ = {
			isa = PBXNativeTarget;
			buildConfigurationList = A020FBD82B5555DE006DFBA8 /* Build configuration list for PBXNativeTarget "ChatWithGPTUITests" */;
			buildPhases = (
				A020FBC42B5555DE006DFBA8 /* Sources */,
				A020FBC52B5555DE006DFBA8 /* Frameworks */,
				A020FBC62B5555DE006DFBA8 /* Resources */,
			);
			buildRules = (
			);
			dependencies = (
				A020FBCA2B5555DE006DFBA8 /* PBXTargetDependency */,
			);
			name = ChatWithGPTUITests;
			productName = ChatWithGPTUITests;
			productReference = A020FBC82B5555DE006DFBA8 /* ChatWithGPTUITests.xctest */;
			productType = "com.apple.product-type.bundle.ui-testing";
		};
/* End PBXNativeTarget section */

/* Begin PBXProject section */
		A020FBA02B5555DD006DFBA8 /* Project object */ = {
			isa = PBXProject;
			attributes = {
				BuildIndependentTargetsInParallel = 1;
				LastSwiftUpdateCheck = 1520;
				LastUpgradeCheck = 1520;
				TargetAttributes = {
					A020FBA72B5555DD006DFBA8 = {
						CreatedOnToolsVersion = 15.2;
					};
					A020FBBD2B5555DE006DFBA8 = {
						CreatedOnToolsVersion = 15.2;
						TestTargetID = A020FBA72B5555DD006DFBA8;
					};
					A020FBC72B5555DE006DFBA8 = {
						CreatedOnToolsVersion = 15.2;
						TestTargetID = A020FBA72B5555DD006DFBA8;
					};
				};
			};
			buildConfigurationList = A020FBA32B5555DD006DFBA8 /* Build configuration list for PBXProject "ChatWithGPT" */;
			compatibilityVersion = "Xcode 14.0";
			developmentRegion = en;
			hasScannedForEncodings = 0;
			knownRegions = (
				en,
				Base,
			);
			mainGroup = A020FB9F2B5555DD006DFBA8;
			productRefGroup = A020FBA92B5555DD006DFBA8 /* Products */;
			projectDirPath = "";
			projectRoot = "";
			targets = (
				A020FBA72B5555DD006DFBA8 /* ChatWithGPT */,
				A020FBBD2B5555DE006DFBA8 /* ChatWithGPTTests */,
				A020FBC72B5555DE006DFBA8 /* ChatWithGPTUITests */,
			);
		};
/* End PBXProject section */

/* Begin PBXResourcesBuildPhase section */
		A020FBA62B5555DD006DFBA8 /* Resources */ = {
			isa = PBXResourcesBuildPhase;
			buildActionMask = 2147483647;
			files = (
				A020FBB82B5555DE006DFBA8 /* LaunchScreen.storyboard in Resources */,
				A020FBB52B5555DE006DFBA8 /* Assets.xcassets in Resources */,
				A020FBB32B5555DD006DFBA8 /* Main.storyboard in Resources */,
			);
			runOnlyForDeploymentPostprocessing = 0;
		};
		A020FBBC2B5555DE006DFBA8 /* Resources */ = {
			isa = PBXResourcesBuildPhase;
			buildActionMask = 2147483647;
			files = (
			);
			runOnlyForDeploymentPostprocessing = 0;
		};
		A020FBC62B5555DE006DFBA8 /* Resources */ = {
			isa = PBXResourcesBuildPhase;
			buildActionMask = 2147483647;
			files = (
			);
			runOnlyForDeploymentPostprocessing = 0;
		};
/* End PBXResourcesBuildPhase section */

/* Begin PBXSourcesBuildPhase section */
		A020FBA42B5555DD006DFBA8 /* Sources */ = {
			isa = PBXSourcesBuildPhase;
			buildActionMask = 2147483647;
			files = (
				A020FBB02B5555DD006DFBA8 /* ViewController.swift in Sources */,
				A020FBAC2B5555DD006DFBA8 /* AppDelegate.swift in Sources */,
				A020FBAE2B5555DD006DFBA8 /* SceneDelegate.swift in Sources */,
			);
			runOnlyForDeploymentPostprocessing = 0;
		};
		A020FBBA2B5555DE006DFBA8 /* Sources */ = {
			isa = PBXSourcesBuildPhase;
			buildActionMask = 2147483647;
			files = (
				A020FBC32B5555DE006DFBA8 /* ChatWithGPTTests.swift in Sources */,
			);
			runOnlyForDeploymentPostprocessing = 0;
		};
		A020FBC42B5555DE006DFBA8 /* Sources */ = {
			isa = PBXSourcesBuildPhase;
			buildActionMask = 2147483647;
			files = (
				A020FBCF2B5555DE006DFBA8 /* ChatWithGPTUITestsLaunchTests.swift in Sources */,
				A020FBCD2B5555DE006DFBA8 /* ChatWithGPTUITests.swift in Sources */,
			);
			runOnlyForDeploymentPostprocessing = 0;
		};
/* End PBXSourcesBuildPhase section */

/* Begin PBXTargetDependency section */
		A020FBC02B5555DE006DFBA8 /* PBXTargetDependency */ = {
			isa = PBXTargetDependency;
			target = A020FBA72B5555DD006DFBA8 /* ChatWithGPT */;
			targetProxy = A020FBBF2B5555DE006DFBA8 /* PBXContainerItemProxy */;
		};
		A020FBCA2B5555DE006DFBA8 /* PBXTargetDependency */ = {
			isa = PBXTargetDependency;
			target = A020FBA72B5555DD006DFBA8 /* ChatWithGPT */;
			targetProxy = A020FBC92B5555DE006DFBA8 /* PBXContainerItemProxy */;
		};
/* End PBXTargetDependency section */

/* Begin PBXVariantGroup section */
		A020FBB12B5555DD006DFBA8 /* Main.storyboard */ = {
			isa = PBXVariantGroup;
			children = (
				A020FBB22B5555DD006DFBA8 /* Base */,
			);
			name = Main.storyboard;
			sourceTree = "<group>";
		};
		A020FBB62B5555DE006DFBA8 /* LaunchScreen.storyboard */ = {
			isa = PBXVariantGroup;
			children = (
				A020FBB72B5555DE006DFBA8 /* Base */,
			);
			name = LaunchScreen.storyboard;
			sourceTree = "<group>";
		};
/* End PBXVariantGroup section */

/* Begin XCBuildConfiguration section */
		A020FBD02B5555DE006DFBA8 /* Debug */ = {
			isa = XCBuildConfiguration;
			buildSettings = {
				ALWAYS_SEARCH_USER_PATHS = NO;
				ASSETCATALOG_COMPILER_GENERATE_SWIFT_ASSET_SYMBOL_EXTENSIONS = YES;
				CLANG_ANALYZER_NONNULL = YES;
				CLANG_ANALYZER_NUMBER_OBJECT_CONVERSION = YES_AGGRESSIVE;
				CLANG_CXX_LANGUAGE_STANDARD = "gnu++20";
				CLANG_ENABLE_MODULES = YES;
				CLANG_ENABLE_OBJC_ARC = YES;
				CLANG_ENABLE_OBJC_WEAK = YES;
				CLANG_WARN_BLOCK_CAPTURE_AUTORELEASING = YES;
				CLANG_WARN_BOOL_CONVERSION = YES;
				CLANG_WARN_COMMA = YES;
				CLANG_WARN_CONSTANT_CONVERSION = YES;
				CLANG_WARN_DEPRECATED_OBJC_IMPLEMENTATIONS = YES;
				CLANG_WARN_DIRECT_OBJC_ISA_USAGE = YES_ERROR;
				CLANG_WARN_DOCUMENTATION_COMMENTS = YES;
				CLANG_WARN_EMPTY_BODY = YES;
				CLANG_WARN_ENUM_CONVERSION = YES;
				CLANG_WARN_INFINITE_RECURSION = YES;
				CLANG_WARN_INT_CONVERSION = YES;
				CLANG_WARN_NON_LITERAL_NULL_CONVERSION = YES;
				CLANG_WARN_OBJC_IMPLICIT_RETAIN_SELF = YES;
				CLANG_WARN_OBJC_LITERAL_CONVERSION = YES;
				CLANG_WARN_OBJC_ROOT_CLASS = YES_ERROR;
				CLANG_WARN_QUOTED_INCLUDE_IN_FRAMEWORK_HEADER = YES;
				CLANG_WARN_RANGE_LOOP_ANALYSIS = YES;
				CLANG_WARN_STRICT_PROTOTYPES = YES;
				CLANG_WARN_SUSPICIOUS_MOVE = YES;
				CLANG_WARN_UNGUARDED_AVAILABILITY = YES_AGGRESSIVE;
				CLANG_WARN_UNREACHABLE_CODE = YES;
				CLANG_WARN__DUPLICATE_METHOD_MATCH = YES;
				COPY_PHASE_STRIP = NO;
				DEBUG_INFORMATION_FORMAT = dwarf;
				ENABLE_STRICT_OBJC_MSGSEND = YES;
				ENABLE_TESTABILITY = YES;
				ENABLE_USER_SCRIPT_SANDBOXING = YES;
				GCC_C_LANGUAGE_STANDARD = gnu17;
				GCC_DYNAMIC_NO_PIC = NO;
				GCC_NO_COMMON_BLOCKS = YES;
				GCC_OPTIMIZATION_LEVEL = 0;
				GCC_PREPROCESSOR_DEFINITIONS = (
					"DEBUG=1",
					"$(inherited)",
				);
				GCC_WARN_64_TO_32_BIT_CONVERSION = YES;
				GCC_WARN_ABOUT_RETURN_TYPE = YES_ERROR;
				GCC_WARN_UNDECLARED_SELECTOR = YES;
				GCC_WARN_UNINITIALIZED_AUTOS = YES_AGGRESSIVE;
				GCC_WARN_UNUSED_FUNCTION = YES;
				GCC_WARN_UNUSED_VARIABLE = YES;
				IPHONEOS_DEPLOYMENT_TARGET = 17.2;
				LOCALIZATION_PREFERS_STRING_CATALOGS = YES;
				MTL_ENABLE_DEBUG_INFO = INCLUDE_SOURCE;
				MTL_FAST_MATH = YES;
				ONLY_ACTIVE_ARCH = YES;
				SDKROOT = iphoneos;
				SWIFT_ACTIVE_COMPILATION_CONDITIONS = "DEBUG $(inherited)";
				SWIFT_OPTIMIZATION_LEVEL = "-Onone";
			};
			name = Debug;
		};
		A020FBD12B5555DE006DFBA8 /* Release */ = {
			isa = XCBuildConfiguration;
			buildSettings = {
				ALWAYS_SEARCH_USER_PATHS = NO;
				ASSETCATALOG_COMPILER_GENERATE_SWIFT_ASSET_SYMBOL_EXTENSIONS = YES;
				CLANG_ANALYZER_NONNULL = YES;
				CLANG_ANALYZER_NUMBER_OBJECT_CONVERSION = YES_AGGRESSIVE;
				CLANG_CXX_LANGUAGE_STANDARD = "gnu++20";
				CLANG_ENABLE_MODULES = YES;
				CLANG_ENABLE_OBJC_ARC = YES;
				CLANG_ENABLE_OBJC_WEAK = YES;
				CLANG_WARN_BLOCK_CAPTURE_AUTORELEASING = YES;
				CLANG_WARN_BOOL_CONVERSION = YES;
				CLANG_WARN_COMMA = YES;
				CLANG_WARN_CONSTANT_CONVERSION = YES;
				CLANG_WARN_DEPRECATED_OBJC_IMPLEMENTATIONS = YES;
				CLANG_WARN_DIRECT_OBJC_ISA_USAGE = YES_ERROR;
				CLANG_WARN_DOCUMENTATION_COMMENTS = YES;
				CLANG_WARN_EMPTY_BODY = YES;
				CLANG_WARN_ENUM_CONVERSION = YES;
				CLANG_WARN_INFINITE_RECURSION = YES;
				CLANG_WARN_INT_CONVERSION = YES;
				CLANG_WARN_NON_LITERAL_NULL_CONVERSION = YES;
				CLANG_WARN_OBJC_IMPLICIT_RETAIN_SELF = YES;
				CLANG_WARN_OBJC_LITERAL_CONVERSION = YES;
				CLANG_WARN_OBJC_ROOT_CLASS = YES_ERROR;
				CLANG_WARN_QUOTED_INCLUDE_IN_FRAMEWORK_HEADER = YES;
				CLANG_WARN_RANGE_LOOP_ANALYSIS = YES;
				CLANG_WARN_STRICT_PROTOTYPES = YES;
				CLANG_WARN_SUSPICIOUS_MOVE = YES;
				CLANG_WARN_UNGUARDED_AVAILABILITY = YES_AGGRESSIVE;
				CLANG_WARN_UNREACHABLE_CODE = YES;
				CLANG_WARN__DUPLICATE_METHOD_MATCH = YES;
				COPY_PHASE_STRIP = NO;
				DEBUG_INFORMATION_FORMAT = "dwarf-with-dsym";
				ENABLE_NS_ASSERTIONS = NO;
				ENABLE_STRICT_OBJC_MSGSEND = YES;
				ENABLE_USER_SCRIPT_SANDBOXING = YES;
				GCC_C_LANGUAGE_STANDARD = gnu17;
				GCC_NO_COMMON_BLOCKS = YES;
				GCC_WARN_64_TO_32_BIT_CONVERSION = YES;
				GCC_WARN_ABOUT_RETURN_TYPE = YES_ERROR;
				GCC_WARN_UNDECLARED_SELECTOR = YES;
				GCC_WARN_UNINITIALIZED_AUTOS = YES_AGGRESSIVE;
				GCC_WARN_UNUSED_FUNCTION = YES;
				GCC_WARN_UNUSED_VARIABLE = YES;
				IPHONEOS_DEPLOYMENT_TARGET = 17.2;
				LOCALIZATION_PREFERS_STRING_CATALOGS = YES;
				MTL_ENABLE_DEBUG_INFO = NO;
				MTL_FAST_MATH = YES;
				SDKROOT = iphoneos;
				SWIFT_COMPILATION_MODE = wholemodule;
				VALIDATE_PRODUCT = YES;
			};
			name = Release;
		};
		A020FBD32B5555DE006DFBA8 /* Debug */ = {
			isa = XCBuildConfiguration;
			buildSettings = {
				ASSETCATALOG_COMPILER_APPICON_NAME = AppIcon;
				ASSETCATALOG_COMPILER_GLOBAL_ACCENT_COLOR_NAME = AccentColor;
				CODE_SIGN_STYLE = Automatic;
				CURRENT_PROJECT_VERSION = 1;
				DEVELOPMENT_TEAM = 7Q8B62WGB9;
				GENERATE_INFOPLIST_FILE = YES;
				INFOPLIST_FILE = ChatWithGPT/Info.plist;
				INFOPLIST_KEY_UIApplicationSupportsIndirectInputEvents = YES;
				INFOPLIST_KEY_UILaunchStoryboardName = LaunchScreen;
				INFOPLIST_KEY_UIMainStoryboardFile = Main;
				INFOPLIST_KEY_UISupportedInterfaceOrientations_iPad = "UIInterfaceOrientationPortrait UIInterfaceOrientationPortraitUpsideDown UIInterfaceOrientationLandscapeLeft UIInterfaceOrientationLandscapeRight";
				INFOPLIST_KEY_UISupportedInterfaceOrientations_iPhone = "UIInterfaceOrientationPortrait UIInterfaceOrientationLandscapeLeft UIInterfaceOrientationLandscapeRight";
				LD_RUNPATH_SEARCH_PATHS = (
					"$(inherited)",
					"@executable_path/Frameworks",
				);
				MARKETING_VERSION = 1.0;
				PRODUCT_BUNDLE_IDENTIFIER = com.otaku.ChatWithGPT;
				PRODUCT_NAME = "$(TARGET_NAME)";
				SWIFT_EMIT_LOC_STRINGS = YES;
				SWIFT_VERSION = 5.0;
				TARGETED_DEVICE_FAMILY = "1,2";
			};
			name = Debug;
		};
		A020FBD42B5555DE006DFBA8 /* Release */ = {
			isa = XCBuildConfiguration;
			buildSettings = {
				ASSETCATALOG_COMPILER_APPICON_NAME = AppIcon;
				ASSETCATALOG_COMPILER_GLOBAL_ACCENT_COLOR_NAME = AccentColor;
				CODE_SIGN_STYLE = Automatic;
				CURRENT_PROJECT_VERSION = 1;
				DEVELOPMENT_TEAM = 7Q8B62WGB9;
				GENERATE_INFOPLIST_FILE = YES;
				INFOPLIST_FILE = ChatWithGPT/Info.plist;
				INFOPLIST_KEY_UIApplicationSupportsIndirectInputEvents = YES;
				INFOPLIST_KEY_UILaunchStoryboardName = LaunchScreen;
				INFOPLIST_KEY_UIMainStoryboardFile = Main;
				INFOPLIST_KEY_UISupportedInterfaceOrientations_iPad = "UIInterfaceOrientationPortrait UIInterfaceOrientationPortraitUpsideDown UIInterfaceOrientationLandscapeLeft UIInterfaceOrientationLandscapeRight";
				INFOPLIST_KEY_UISupportedInterfaceOrientations_iPhone = "UIInterfaceOrientationPortrait UIInterfaceOrientationLandscapeLeft UIInterfaceOrientationLandscapeRight";
				LD_RUNPATH_SEARCH_PATHS = (
					"$(inherited)",
					"@executable_path/Frameworks",
				);
				MARKETING_VERSION = 1.0;
				PRODUCT_BUNDLE_IDENTIFIER = com.otaku.ChatWithGPT;
				PRODUCT_NAME = "$(TARGET_NAME)";
				SWIFT_EMIT_LOC_STRINGS = YES;
				SWIFT_VERSION = 5.0;
				TARGETED_DEVICE_FAMILY = "1,2";
			};
			name = Release;
		};
		A020FBD62B5555DE006DFBA8 /* Debug */ = {
			isa = XCBuildConfiguration;
			buildSettings = {
				ALWAYS_EMBED_SWIFT_STANDARD_LIBRARIES = YES;
				BUNDLE_LOADER = "$(TEST_HOST)";
				CODE_SIGN_STYLE = Automatic;
				CURRENT_PROJECT_VERSION = 1;
				DEVELOPMENT_TEAM = 7Q8B62WGB9;
				GENERATE_INFOPLIST_FILE = YES;
				IPHONEOS_DEPLOYMENT_TARGET = 17.2;
				MARKETING_VERSION = 1.0;
				PRODUCT_BUNDLE_IDENTIFIER = com.otaku.ChatWithGPTTests;
				PRODUCT_NAME = "$(TARGET_NAME)";
				SWIFT_EMIT_LOC_STRINGS = NO;
				SWIFT_VERSION = 5.0;
				TARGETED_DEVICE_FAMILY = "1,2";
				TEST_HOST = "$(BUILT_PRODUCTS_DIR)/ChatWithGPT.app/$(BUNDLE_EXECUTABLE_FOLDER_PATH)/ChatWithGPT";
			};
			name = Debug;
		};
		A020FBD72B5555DE006DFBA8 /* Release */ = {
			isa = XCBuildConfiguration;
			buildSettings = {
				ALWAYS_EMBED_SWIFT_STANDARD_LIBRARIES = YES;
				BUNDLE_LOADER = "$(TEST_HOST)";
				CODE_SIGN_STYLE = Automatic;
				CURRENT_PROJECT_VERSION = 1;
				DEVELOPMENT_TEAM = 7Q8B62WGB9;
				GENERATE_INFOPLIST_FILE = YES;
				IPHONEOS_DEPLOYMENT_TARGET = 17.2;
				MARKETING_VERSION = 1.0;
				PRODUCT_BUNDLE_IDENTIFIER = com.otaku.ChatWithGPTTests;
				PRODUCT_NAME = "$(TARGET_NAME)";
				SWIFT_EMIT_LOC_STRINGS = NO;
				SWIFT_VERSION = 5.0;
				TARGETED_DEVICE_FAMILY = "1,2";
				TEST_HOST = "$(BUILT_PRODUCTS_DIR)/ChatWithGPT.app/$(BUNDLE_EXECUTABLE_FOLDER_PATH)/ChatWithGPT";
			};
			name = Release;
		};
		A020FBD92B5555DE006DFBA8 /* Debug */ = {
			isa = XCBuildConfiguration;
			buildSettings = {
				ALWAYS_EMBED_SWIFT_STANDARD_LIBRARIES = YES;
				CODE_SIGN_STYLE = Automatic;
				CURRENT_PROJECT_VERSION = 1;
				DEVELOPMENT_TEAM = 7Q8B62WGB9;
				GENERATE_INFOPLIST_FILE = YES;
				MARKETING_VERSION = 1.0;
				PRODUCT_BUNDLE_IDENTIFIER = com.otaku.ChatWithGPTUITests;
				PRODUCT_NAME = "$(TARGET_NAME)";
				SWIFT_EMIT_LOC_STRINGS = NO;
				SWIFT_VERSION = 5.0;
				TARGETED_DEVICE_FAMILY = "1,2";
				TEST_TARGET_NAME = ChatWithGPT;
			};
			name = Debug;
		};
		A020FBDA2B5555DE006DFBA8 /* Release */ = {
			isa = XCBuildConfiguration;
			buildSettings = {
				ALWAYS_EMBED_SWIFT_STANDARD_LIBRARIES = YES;
				CODE_SIGN_STYLE = Automatic;
				CURRENT_PROJECT_VERSION = 1;
				DEVELOPMENT_TEAM = 7Q8B62WGB9;
				GENERATE_INFOPLIST_FILE = YES;
				MARKETING_VERSION = 1.0;
				PRODUCT_BUNDLE_IDENTIFIER = com.otaku.ChatWithGPTUITests;
				PRODUCT_NAME = "$(TARGET_NAME)";
				SWIFT_EMIT_LOC_STRINGS = NO;
				SWIFT_VERSION = 5.0;
				TARGETED_DEVICE_FAMILY = "1,2";
				TEST_TARGET_NAME = ChatWithGPT;
			};
			name = Release;
		};
/* End XCBuildConfiguration section */

/* Begin XCConfigurationList section */
		A020FBA32B5555DD006DFBA8 /* Build configuration list for PBXProject "ChatWithGPT" */ = {
			isa = XCConfigurationList;
			buildConfigurations = (
				A020FBD02B5555DE006DFBA8 /* Debug */,
				A020FBD12B5555DE006DFBA8 /* Release */,
			);
			defaultConfigurationIsVisible = 0;
			defaultConfigurationName = Release;
		};
		A020FBD22B5555DE006DFBA8 /* Build configuration list for PBXNativeTarget "ChatWithGPT" */ = {
			isa = XCConfigurationList;
			buildConfigurations = (
				A020FBD32B5555DE006DFBA8 /* Debug */,
				A020FBD42B5555DE006DFBA8 /* Release */,
			);
			defaultConfigurationIsVisible = 0;
			defaultConfigurationName = Release;
		};
		A020FBD52B5555DE006DFBA8 /* Build configuration list for PBXNativeTarget "ChatWithGPTTests" */ = {
			isa = XCConfigurationList;
			buildConfigurations = (
				A020FBD62B5555DE006DFBA8 /* Debug */,
				A020FBD72B5555DE006DFBA8 /* Release */,
			);
			defaultConfigurationIsVisible = 0;
			defaultConfigurationName = Release;
		};
		A020FBD82B5555DE006DFBA8 /* Build configuration list for PBXNativeTarget "ChatWithGPTUITests" */ = {
			isa = XCConfigurationList;
			buildConfigurations = (
				A020FBD92B5555DE006DFBA8 /* Debug */,
				A020FBDA2B5555DE006DFBA8 /* Release */,
			);
			defaultConfigurationIsVisible = 0;
			defaultConfigurationName = Release;
		};
/* End XCConfigurationList section */
	};
	rootObject = A020FBA02B5555DD006DFBA8 /* Project object */;
}
